
Microsoft Visual Studio Solution File, Format Version 12.00
# Visual Studio Version 16
VisualStudioVersion = 16.0.30128.74
MinimumVisualStudioVersion = 10.0.40219.1
Project("{FAE04EC0-301F-11D3-BF4B-00C04F79EFBC}") = "Chef", "Chef\Chef.csproj", "{3DAB5A7C-61F2-4CDD-98B1-AD00462BF6D9}"
EndProject
Global
	GlobalSection(SolutionConfigurationPlatforms) = preSolution
		Debug|Any CPU = Debug|Any CPU
		Release|Any CPU = Release|Any CPU
	EndGlobalSection
	GlobalSection(ProjectConfigurationPlatforms) = postSolution
		{3DAB5A7C-61F2-4CDD-98B1-AD00462BF6D9}.Debug|Any CPU.ActiveCfg = Debug|Any CPU
		{3DAB5A7C-61F2-4CDD-98B1-AD00462BF6D9}.Debug|Any CPU.Build.0 = Debug|Any CPU
		{3DAB5A7C-61F2-4CDD-98B1-AD00462BF6D9}.Release|Any CPU.ActiveCfg = Release|Any CPU
		{3DAB5A7C-61F2-4CDD-98B1-AD00462BF6D9}.Release|Any CPU.Build.0 = Release|Any CPU
	EndGlobalSection
	GlobalSection(SolutionProperties) = preSolution
		HideSolutionNode = FALSE
	EndGlobalSection
	GlobalSection(ExtensibilityGlobals) = postSolution
		SolutionGuid = {2E79263C-9F66-4627-ABAD-77752D1AD3D6}
	EndGlobalSection
EndGlobal
