
Microsoft Visual Studio Solution File, Format Version 12.00
# Visual Studio Version 16
VisualStudioVersion = 16.0.30128.74
MinimumVisualStudioVersion = 10.0.40219.1
Project("{FAE04EC0-301F-11D3-BF4B-00C04F79EFBC}") = "Counter", "Counter\Counter.csproj", "{D201D61E-FBD1-4F98-AC9F-684C7DE77372}"
EndProject
Global
	GlobalSection(SolutionConfigurationPlatforms) = preSolution
		Debug|Any CPU = Debug|Any CPU
		Release|Any CPU = Release|Any CPU
	EndGlobalSection
	GlobalSection(ProjectConfigurationPlatforms) = postSolution
		{D201D61E-FBD1-4F98-AC9F-684C7DE77372}.Debug|Any CPU.ActiveCfg = Debug|Any CPU
		{D201D61E-FBD1-4F98-AC9F-684C7DE77372}.Debug|Any CPU.Build.0 = Debug|Any CPU
		{D201D61E-FBD1-4F98-AC9F-684C7DE77372}.Release|Any CPU.ActiveCfg = Release|Any CPU
		{D201D61E-FBD1-4F98-AC9F-684C7DE77372}.Release|Any CPU.Build.0 = Release|Any CPU
	EndGlobalSection
	GlobalSection(SolutionProperties) = preSolution
		HideSolutionNode = FALSE
	EndGlobalSection
	GlobalSection(ExtensibilityGlobals) = postSolution
		SolutionGuid = {F9EE7B7D-9542-4C7F-9124-ED32D9473BF7}
	EndGlobalSection
EndGlobal
