
Microsoft Visual Studio Solution File, Format Version 12.00
# Visual Studio Version 16
VisualStudioVersion = 16.0.30128.74
MinimumVisualStudioVersion = 10.0.40219.1
Project("{FAE04EC0-301F-11D3-BF4B-00C04F79EFBC}") = "Printer", "Printer\Printer.csproj", "{2F4DD3F7-B326-4149-AD8A-3993D1DE41AF}"
EndProject
Global
	GlobalSection(SolutionConfigurationPlatforms) = preSolution
		Debug|Any CPU = Debug|Any CPU
		Release|Any CPU = Release|Any CPU
	EndGlobalSection
	GlobalSection(ProjectConfigurationPlatforms) = postSolution
		{2F4DD3F7-B326-4149-AD8A-3993D1DE41AF}.Debug|Any CPU.ActiveCfg = Debug|Any CPU
		{2F4DD3F7-B326-4149-AD8A-3993D1DE41AF}.Debug|Any CPU.Build.0 = Debug|Any CPU
		{2F4DD3F7-B326-4149-AD8A-3993D1DE41AF}.Release|Any CPU.ActiveCfg = Release|Any CPU
		{2F4DD3F7-B326-4149-AD8A-3993D1DE41AF}.Release|Any CPU.Build.0 = Release|Any CPU
	EndGlobalSection
	GlobalSection(SolutionProperties) = preSolution
		HideSolutionNode = FALSE
	EndGlobalSection
	GlobalSection(ExtensibilityGlobals) = postSolution
		SolutionGuid = {178FEDDD-7EC1-40CF-BBA0-231940540CDC}
	EndGlobalSection
EndGlobal
